<Solution>
  <Project Path="LinguaMeet.Application/LinguaMeet.Application.csproj" Id="74822d2b-26af-4923-9b30-4924a25f6a37" />
  <Project Path="LinguaMeet.Domain/LinguaMeet.Domain.csproj" Id="7d826cf4-dbbf-428f-be51-4f55b9a8c060" />
  <Project Path="LinguaMeet.Infrastructure/LinguaMeet.Infrastructure.csproj" Id="cb791284-bf28-4336-9b57-0f4c603ba2bf" />
  <Project Path="LinguaMeet/LinguaMeet.csproj" />
</Solution>
